// !$*UTF8*$!
{
	archiveVersion = 1;
	classes = {
	};
	objectVersion = 46;
	objects = {

/* Begin PBXBuildFile section */
		90DB83091BA3D54C005CBB9C /* main.m in Sources */ = {isa = PBXBuildFile; fileRef = 90DB83081BA3D54C005CBB9C /* main.m */; };
		90DB830C1BA3D54C005CBB9C /* AppDelegate.m in Sources */ = {isa = PBXBuildFile; fileRef = 90DB830B1BA3D54C005CBB9C /* AppDelegate.m */; };
		90DB830F1BA3D54C005CBB9C /* ViewController.m in Sources */ = {isa = PBXBuildFile; fileRef = 90DB830E1BA3D54C005CBB9C /* ViewController.m */; };
		90DB83121BA3D54C005CBB9C /* Main.storyboard in Resources */ = {isa = PBXBuildFile; fileRef = 90DB83101BA3D54C005CBB9C /* Main.storyboard */; };
		90DB83141BA3D54C005CBB9C /* Images.xcassets in Resources */ = {isa = PBXBuildFile; fileRef = 90DB83131BA3D54C005CBB9C /* Images.xcassets */; };
		90DB83171BA3D54C005CBB9C /* LaunchScreen.xib in Resources */ = {isa = PBXBuildFile; fileRef = 90DB83151BA3D54C005CBB9C /* LaunchScreen.xib */; };
		90DB83231BA3D54C005CBB9C /* ImageStabilizationTests.m in Sources */ = {isa = PBXBuildFile; fileRef = 90DB83221BA3D54C005CBB9C /* ImageStabilizationTests.m */; };
/* End PBXBuildFile section */

/* Begin PBXContainerItemProxy section */
		90DB831D1BA3D54C005CBB9C /* PBXContainerItemProxy */ = {
			isa = PBXContainerItemProxy;
			containerPortal = 90DB82FB1BA3D54C005CBB9C /* Project object */;
			proxyType = 1;
			remoteGlobalIDString = 90DB83021BA3D54C005CBB9C;
			remoteInfo = ImageStabilization;
		};
/* End PBXContainerItemProxy section */

/* Begin PBXFileReference section */
		90DB83031BA3D54C005CBB9C /* ImageStabilization.app */ = {isa = PBXFileReference; explicitFileType = wrapper.application; includeInIndex = 0; path = ImageStabilization.app; sourceTree = BUILT_PRODUCTS_DIR; };
		90DB83071BA3D54C005CBB9C /* Info.plist */ = {isa = PBXFileReference; lastKnownFileType = text.plist.xml; path = Info.plist; sourceTree = "<group>"; };
		90DB83081BA3D54C005CBB9C /* main.m */ = {isa = PBXFileReference; lastKnownFileType = sourcecode.c.objc; path = main.m; sourceTree = "<group>"; };
		90DB830A1BA3D54C005CBB9C /* AppDelegate.h */ = {isa = PBXFileReference; lastKnownFileType = sourcecode.c.h; path = AppDelegate.h; sourceTree = "<group>"; };
		90DB830B1BA3D54C005CBB9C /* AppDelegate.m */ = {isa = PBXFileReference; lastKnownFileType = sourcecode.c.objc; path = AppDelegate.m; sourceTree = "<group>"; };
		90DB830D1BA3D54C005CBB9C /* ViewController.h */ = {isa = PBXFileReference; lastKnownFileType = sourcecode.c.h; path = ViewController.h; sourceTree = "<group>"; };
		90DB830E1BA3D54C005CBB9C /* ViewController.m */ = {isa = PBXFileReference; lastKnownFileType = sourcecode.c.objc; path = ViewController.m; sourceTree = "<group>"; };
		90DB83111BA3D54C005CBB9C /* Base */ = {isa = PBXFileReference; lastKnownFileType = file.storyboard; name = Base; path = Base.lproj/Main.storyboard; sourceTree = "<group>"; };
		90DB83131BA3D54C005CBB9C /* Images.xcassets */ = {isa = PBXFileReference; lastKnownFileType = folder.assetcatalog; path = Images.xcassets; sourceTree = "<group>"; };
		90DB83161BA3D54C005CBB9C /* Base */ = {isa = PBXFileReference; lastKnownFileType = file.xib; name = Base; path = Base.lproj/LaunchScreen.xib; sourceTree = "<group>"; };
		90DB831C1BA3D54C005CBB9C /* ImageStabilizationTests.xctest */ = {isa = PBXFileReference; explicitFileType = wrapper.cfbundle; includeInIndex = 0; path = ImageStabilizationTests.xctest; sourceTree = BUILT_PRODUCTS_DIR; };
		90DB83211BA3D54C005CBB9C /* Info.plist */ = {isa = PBXFileReference; lastKnownFileType = text.plist.xml; path = Info.plist; sourceTree = "<group>"; };
		90DB83221BA3D54C005CBB9C /* ImageStabilizationTests.m */ = {isa = PBXFileReference; lastKnownFileType = sourcecode.c.objc; path = ImageStabilizationTests.m; sourceTree = "<group>"; };
/* End PBXFileReference section */

/* Begin PBXFrameworksBuildPhase section */
		90DB83001BA3D54C005CBB9C /* Frameworks */ = {
			isa = PBXFrameworksBuildPhase;
			buildActionMask = 2147483647;
			files = (
			);
			runOnlyForDeploymentPostprocessing = 0;
		};
		90DB83191BA3D54C005CBB9C /* Frameworks */ = {
			isa = PBXFrameworksBuildPhase;
			buildActionMask = 2147483647;
			files = (
			);
			runOnlyForDeploymentPostprocessing = 0;
		};
/* End PBXFrameworksBuildPhase section */

/* Begin PBXGroup section */
		90DB82FA1BA3D54C005CBB9C = {
			isa = PBXGroup;
			children = (
				90DB83051BA3D54C005CBB9C /* ImageStabilization */,
				90DB831F1BA3D54C005CBB9C /* ImageStabilizationTests */,
				90DB83041BA3D54C005CBB9C /* Products */,
			);
			sourceTree = "<group>";
		};
		90DB83041BA3D54C005CBB9C /* Products */ = {
			isa = PBXGroup;
			children = (
				90DB83031BA3D54C005CBB9C /* ImageStabilization.app */,
				90DB831C1BA3D54C005CBB9C /* ImageStabilizationTests.xctest */,
			);
			name = Products;
			sourceTree = "<group>";
		};
		90DB83051BA3D54C005CBB9C /* ImageStabilization */ = {
			isa = PBXGroup;
			children = (
				90DB830A1BA3D54C005CBB9C /* AppDelegate.h */,
				90DB830B1BA3D54C005CBB9C /* AppDelegate.m */,
				90DB830D1BA3D54C005CBB9C /* ViewController.h */,
				90DB830E1BA3D54C005CBB9C /* ViewController.m */,
				90DB83101BA3D54C005CBB9C /* Main.storyboard */,
				90DB83131BA3D54C005CBB9C /* Images.xcassets */,
				90DB83151BA3D54C005CBB9C /* LaunchScreen.xib */,
				90DB83061BA3D54C005CBB9C /* Supporting Files */,
			);
			path = ImageStabilization;
			sourceTree = "<group>";
		};
		90DB83061BA3D54C005CBB9C /* Supporting Files */ = {
			isa = PBXGroup;
			children = (
				90DB83071BA3D54C005CBB9C /* Info.plist */,
				90DB83081BA3D54C005CBB9C /* main.m */,
			);
			name = "Supporting Files";
			sourceTree = "<group>";
		};
		90DB831F1BA3D54C005CBB9C /* ImageStabilizationTests */ = {
			isa = PBXGroup;
			children = (
				90DB83221BA3D54C005CBB9C /* ImageStabilizationTests.m */,
				90DB83201BA3D54C005CBB9C /* Supporting Files */,
			);
			path = ImageStabilizationTests;
			sourceTree = "<group>";
		};
		90DB83201BA3D54C005CBB9C /* Supporting Files */ = {
			isa = PBXGroup;
			children = (
				90DB83211BA3D54C005CBB9C /* Info.plist */,
			);
			name = "Supporting Files";
			sourceTree = "<group>";
		};
/* End PBXGroup section */

/* Begin PBXNativeTarget section */
		90DB83021BA3D54C005CBB9C /* ImageStabilization */ = {
			isa = PBXNativeTarget;
			buildConfigurationList = 90DB83261BA3D54C005CBB9C /* Build configuration list for PBXNativeTarget "ImageStabilization" */;
			buildPhases = (
				90DB82FF1BA3D54C005CBB9C /* Sources */,
				90DB83001BA3D54C005CBB9C /* Frameworks */,
				90DB83011BA3D54C005CBB9C /* Resources */,
			);
			buildRules = (
			);
			dependencies = (
			);
			name = ImageStabilization;
			productName = ImageStabilization;
			productReference = 90DB83031BA3D54C005CBB9C /* ImageStabilization.app */;
			productType = "com.apple.product-type.application";
		};
		90DB831B1BA3D54C005CBB9C /* ImageStabilizationTests */ = {
			isa = PBXNativeTarget;
			buildConfigurationList = 90DB83291BA3D54C005CBB9C /* Build configuration list for PBXNativeTarget "ImageStabilizationTests" */;
			buildPhases = (
				90DB83181BA3D54C005CBB9C /* Sources */,
				90DB83191BA3D54C005CBB9C /* Frameworks */,
				90DB831A1BA3D54C005CBB9C /* Resources */,
			);
			buildRules = (
			);
			dependencies = (
				90DB831E1BA3D54C005CBB9C /* PBXTargetDependency */,
			);
			name = ImageStabilizationTests;
			productName = ImageStabilizationTests;
			productReference = 90DB831C1BA3D54C005CBB9C /* ImageStabilizationTests.xctest */;
			productType = "com.apple.product-type.bundle.unit-test";
		};
/* End PBXNativeTarget section */

/* Begin PBXProject section */
		90DB82FB1BA3D54C005CBB9C /* Project object */ = {
			isa = PBXProject;
			attributes = {
				LastUpgradeCheck = 0640;
				ORGANIZATIONNAME = EunchulJeon;
				TargetAttributes = {
					90DB83021BA3D54C005CBB9C = {
						CreatedOnToolsVersion = 6.4;
					};
					90DB831B1BA3D54C005CBB9C = {
						CreatedOnToolsVersion = 6.4;
						TestTargetID = 90DB83021BA3D54C005CBB9C;
					};
				};
			};
			buildConfigurationList = 90DB82FE1BA3D54C005CBB9C /* Build configuration list for PBXProject "ImageStabilization" */;
			compatibilityVersion = "Xcode 3.2";
			developmentRegion = English;
			hasScannedForEncodings = 0;
			knownRegions = (
				en,
				Base,
			);
			mainGroup = 90DB82FA1BA3D54C005CBB9C;
			productRefGroup = 90DB83041BA3D54C005CBB9C /* Products */;
			projectDirPath = "";
			projectRoot = "";
			targets = (
				90DB83021BA3D54C005CBB9C /* ImageStabilization */,
				90DB831B1BA3D54C005CBB9C /* ImageStabilizationTests */,
			);
		};
/* End PBXProject section */

/* Begin PBXResourcesBuildPhase section */
		90DB83011BA3D54C005CBB9C /* Resources */ = {
			isa = PBXResourcesBuildPhase;
			buildActionMask = 2147483647;
			files = (
				90DB83121BA3D54C005CBB9C /* Main.storyboard in Resources */,
				90DB83171BA3D54C005CBB9C /* LaunchScreen.xib in Resources */,
				90DB83141BA3D54C005CBB9C /* Images.xcassets in Resources */,
			);
			runOnlyForDeploymentPostprocessing = 0;
		};
		90DB831A1BA3D54C005CBB9C /* Resources */ = {
			isa = PBXResourcesBuildPhase;
			buildActionMask = 2147483647;
			files = (
			);
			runOnlyForDeploymentPostprocessing = 0;
		};
/* End PBXResourcesBuildPhase section */

/* Begin PBXSourcesBuildPhase section */
		90DB82FF1BA3D54C005CBB9C /* Sources */ = {
			isa = PBXSourcesBuildPhase;
			buildActionMask = 2147483647;
			files = (
				90DB830F1BA3D54C005CBB9C /* ViewController.m in Sources */,
				90DB830C1BA3D54C005CBB9C /* AppDelegate.m in Sources */,
				90DB83091BA3D54C005CBB9C /* main.m in Sources */,
			);
			runOnlyForDeploymentPostprocessing = 0;
		};
		90DB83181BA3D54C005CBB9C /* Sources */ = {
			isa = PBXSourcesBuildPhase;
			buildActionMask = 2147483647;
			files = (
				90DB83231BA3D54C005CBB9C /* ImageStabilizationTests.m in Sources */,
			);
			runOnlyForDeploymentPostprocessing = 0;
		};
/* End PBXSourcesBuildPhase section */

/* Begin PBXTargetDependency section */
		90DB831E1BA3D54C005CBB9C /* PBXTargetDependency */ = {
			isa = PBXTargetDependency;
			target = 90DB83021BA3D54C005CBB9C /* ImageStabilization */;
			targetProxy = 90DB831D1BA3D54C005CBB9C /* PBXContainerItemProxy */;
		};
/* End PBXTargetDependency section */

/* Begin PBXVariantGroup section */
		90DB83101BA3D54C005CBB9C /* Main.storyboard */ = {
			isa = PBXVariantGroup;
			children = (
				90DB83111BA3D54C005CBB9C /* Base */,
			);
			name = Main.storyboard;
			sourceTree = "<group>";
		};
		90DB83151BA3D54C005CBB9C /* LaunchScreen.xib */ = {
			isa = PBXVariantGroup;
			children = (
				90DB83161BA3D54C005CBB9C /* Base */,
			);
			name = LaunchScreen.xib;
			sourceTree = "<group>";
		};
/* End PBXVariantGroup section */

/* Begin XCBuildConfiguration section */
		90DB83241BA3D54C005CBB9C /* Debug */ = {
			isa = XCBuildConfiguration;
			buildSettings = {
				ALWAYS_SEARCH_USER_PATHS = NO;
				CLANG_CXX_LANGUAGE_STANDARD = "gnu++0x";
				CLANG_CXX_LIBRARY = "libc++";
				CLANG_ENABLE_MODULES = YES;
				CLANG_ENABLE_OBJC_ARC = YES;
				CLANG_WARN_BOOL_CONVERSION = YES;
				CLANG_WARN_CONSTANT_CONVERSION = YES;
				CLANG_WARN_DIRECT_OBJC_ISA_USAGE = YES_ERROR;
				CLANG_WARN_EMPTY_BODY = YES;
				CLANG_WARN_ENUM_CONVERSION = YES;
				CLANG_WARN_INT_CONVERSION = YES;
				CLANG_WARN_OBJC_ROOT_CLASS = YES_ERROR;
				CLANG_WARN_UNREACHABLE_CODE = YES;
				CLANG_WARN__DUPLICATE_METHOD_MATCH = YES;
				"CODE_SIGN_IDENTITY[sdk=iphoneos*]" = "iPhone Developer";
				COPY_PHASE_STRIP = NO;
				DEBUG_INFORMATION_FORMAT = "dwarf-with-dsym";
				ENABLE_STRICT_OBJC_MSGSEND = YES;
				GCC_C_LANGUAGE_STANDARD = gnu99;
				GCC_DYNAMIC_NO_PIC = NO;
				GCC_NO_COMMON_BLOCKS = YES;
				GCC_OPTIMIZATION_LEVEL = 0;
				GCC_PREPROCESSOR_DEFINITIONS = (
					"DEBUG=1",
					"$(inherited)",
				);
				GCC_SYMBOLS_PRIVATE_EXTERN = NO;
				GCC_WARN_64_TO_32_BIT_CONVERSION = YES;
				GCC_WARN_ABOUT_RETURN_TYPE = YES_ERROR;
				GCC_WARN_UNDECLARED_SELECTOR = YES;
				GCC_WARN_UNINITIALIZED_AUTOS = YES_AGGRESSIVE;
				GCC_WARN_UNUSED_FUNCTION = YES;
				GCC_WARN_UNUSED_VARIABLE = YES;
				IPHONEOS_DEPLOYMENT_TARGET = 8.4;
				MTL_ENABLE_DEBUG_INFO = YES;
				ONLY_ACTIVE_ARCH = YES;
				SDKROOT = iphoneos;
				TARGETED_DEVICE_FAMILY = "1,2";
			};
			name = Debug;
		};
		90DB83251BA3D54C005CBB9C /* Release */ = {
			isa = XCBuildConfiguration;
			buildSettings = {
				ALWAYS_SEARCH_USER_PATHS = NO;
				CLANG_CXX_LANGUAGE_STANDARD = "gnu++0x";
				CLANG_CXX_LIBRARY = "libc++";
				CLANG_ENABLE_MODULES = YES;
				CLANG_ENABLE_OBJC_ARC = YES;
				CLANG_WARN_BOOL_CONVERSION = YES;
				CLANG_WARN_CONSTANT_CONVERSION = YES;
				CLANG_WARN_DIRECT_OBJC_ISA_USAGE = YES_ERROR;
				CLANG_WARN_EMPTY_BODY = YES;
				CLANG_WARN_ENUM_CONVERSION = YES;
				CLANG_WARN_INT_CONVERSION = YES;
				CLANG_WARN_OBJC_ROOT_CLASS = YES_ERROR;
				CLANG_WARN_UNREACHABLE_CODE = YES;
				CLANG_WARN__DUPLICATE_METHOD_MATCH = YES;
				"CODE_SIGN_IDENTITY[sdk=iphoneos*]" = "iPhone Developer";
				COPY_PHASE_STRIP = NO;
				DEBUG_INFORMATION_FORMAT = "dwarf-with-dsym";
				ENABLE_NS_ASSERTIONS = NO;
				ENABLE_STRICT_OBJC_MSGSEND = YES;
				GCC_C_LANGUAGE_STANDARD = gnu99;
				GCC_NO_COMMON_BLOCKS = YES;
				GCC_WARN_64_TO_32_BIT_CONVERSION = YES;
				GCC_WARN_ABOUT_RETURN_TYPE = YES_ERROR;
				GCC_WARN_UNDECLARED_SELECTOR = YES;
				GCC_WARN_UNINITIALIZED_AUTOS = YES_AGGRESSIVE;
				GCC_WARN_UNUSED_FUNCTION = YES;
				GCC_WARN_UNUSED_VARIABLE = YES;
				IPHONEOS_DEPLOYMENT_TARGET = 8.4;
				MTL_ENABLE_DEBUG_INFO = NO;
				SDKROOT = iphoneos;
				TARGETED_DEVICE_FAMILY = "1,2";
				VALIDATE_PRODUCT = YES;
			};
			name = Release;
		};
		90DB83271BA3D54C005CBB9C /* Debug */ = {
			isa = XCBuildConfiguration;
			buildSettings = {
				ASSETCATALOG_COMPILER_APPICON_NAME = AppIcon;
				INFOPLIST_FILE = ImageStabilization/Info.plist;
				LD_RUNPATH_SEARCH_PATHS = "$(inherited) @executable_path/Frameworks";
				PRODUCT_NAME = "$(TARGET_NAME)";
			};
			name = Debug;
		};
		90DB83281BA3D54C005CBB9C /* Release */ = {
			isa = XCBuildConfiguration;
			buildSettings = {
				ASSETCATALOG_COMPILER_APPICON_NAME = AppIcon;
				INFOPLIST_FILE = ImageStabilization/Info.plist;
				LD_RUNPATH_SEARCH_PATHS = "$(inherited) @executable_path/Frameworks";
				PRODUCT_NAME = "$(TARGET_NAME)";
			};
			name = Release;
		};
		90DB832A1BA3D54C005CBB9C /* Debug */ = {
			isa = XCBuildConfiguration;
			buildSettings = {
				BUNDLE_LOADER = "$(TEST_HOST)";
				FRAMEWORK_SEARCH_PATHS = (
					"$(SDKROOT)/Developer/Library/Frameworks",
					"$(inherited)",
				);
				GCC_PREPROCESSOR_DEFINITIONS = (
					"DEBUG=1",
					"$(inherited)",
				);
				INFOPLIST_FILE = ImageStabilizationTests/Info.plist;
				LD_RUNPATH_SEARCH_PATHS = "$(inherited) @executable_path/Frameworks @loader_path/Frameworks";
				PRODUCT_NAME = "$(TARGET_NAME)";
				TEST_HOST = "$(BUILT_PRODUCTS_DIR)/ImageStabilization.app/ImageStabilization";
			};
			name = Debug;
		};
		90DB832B1BA3D54C005CBB9C /* Release */ = {
			isa = XCBuildConfiguration;
			buildSettings = {
				BUNDLE_LOADER = "$(TEST_HOST)";
				FRAMEWORK_SEARCH_PATHS = (
					"$(SDKROOT)/Developer/Library/Frameworks",
					"$(inherited)",
				);
				INFOPLIST_FILE = ImageStabilizationTests/Info.plist;
				LD_RUNPATH_SEARCH_PATHS = "$(inherited) @executable_path/Frameworks @loader_path/Frameworks";
				PRODUCT_NAME = "$(TARGET_NAME)";
				TEST_HOST = "$(BUILT_PRODUCTS_DIR)/ImageStabilization.app/ImageStabilization";
			};
			name = Release;
		};
/* End XCBuildConfiguration section */

/* Begin XCConfigurationList section */
		90DB82FE1BA3D54C005CBB9C /* Build configuration list for PBXProject "ImageStabilization" */ = {
			isa = XCConfigurationList;
			buildConfigurations = (
				90DB83241BA3D54C005CBB9C /* Debug */,
				90DB83251BA3D54C005CBB9C /* Release */,
			);
			defaultConfigurationIsVisible = 0;
			defaultConfigurationName = Release;
		};
		90DB83261BA3D54C005CBB9C /* Build configuration list for PBXNativeTarget "ImageStabilization" */ = {
			isa = XCConfigurationList;
			buildConfigurations = (
				90DB83271BA3D54C005CBB9C /* Debug */,
				90DB83281BA3D54C005CBB9C /* Release */,
			);
			defaultConfigurationIsVisible = 0;
		};
		90DB83291BA3D54C005CBB9C /* Build configuration list for PBXNativeTarget "ImageStabilizationTests" */ = {
			isa = XCConfigurationList;
			buildConfigurations = (
				90DB832A1BA3D54C005CBB9C /* Debug */,
				90DB832B1BA3D54C005CBB9C /* Release */,
			);
			defaultConfigurationIsVisible = 0;
		};
/* End XCConfigurationList section */
	};
	rootObject = 90DB82FB1BA3D54C005CBB9C /* Project object */;
}
